
Microsoft Visual Studio Solution File, Format Version 12.00
# Visual Studio Version 16
VisualStudioVersion = 16.0.33130.400
MinimumVisualStudioVersion = 10.0.40219.1
Project("{FAE04EC0-301F-11D3-BF4B-00C04F79EFBC}") = "RfidWebApi", "RfidWebApi\RfidWebApi.csproj", "{0E8CA685-F250-4095-8B56-DDA30B866EF1}"
EndProject
Global
	GlobalSection(SolutionConfigurationPlatforms) = preSolution
		Debug|Any CPU = Debug|Any CPU
		Release|Any CPU = Release|Any CPU
	EndGlobalSection
	GlobalSection(ProjectConfigurationPlatforms) = postSolution
		{0E8CA685-F250-4095-8B56-DDA30B866EF1}.Debug|Any CPU.ActiveCfg = Debug|Any CPU
		{0E8CA685-F250-4095-8B56-DDA30B866EF1}.Debug|Any CPU.Build.0 = Debug|Any CPU
		{0E8CA685-F250-4095-8B56-DDA30B866EF1}.Release|Any CPU.ActiveCfg = Release|Any CPU
		{0E8CA685-F250-4095-8B56-DDA30B866EF1}.Release|Any CPU.Build.0 = Release|Any CPU
	EndGlobalSection
	GlobalSection(SolutionProperties) = preSolution
		HideSolutionNode = FALSE
	EndGlobalSection
	GlobalSection(ExtensibilityGlobals) = postSolution
		SolutionGuid = {3F0A764D-B806-43D4-A4CD-2C350A25D009}
	EndGlobalSection
EndGlobal
